
Microsoft Visual Studio Solution File, Format Version 12.00
Project("{FAE04EC0-301F-11D3-BF4B-00C04F79EFBC}") = "XmlPemConverter", "XmlPemConverter.csproj", "{9FBEBF4E-A6F7-4762-9B95-833925863495}"
EndProject
Global
	GlobalSection(SolutionConfigurationPlatforms) = preSolution
		Debug|Any CPU = Debug|Any CPU
		Release|Any CPU = Release|Any CPU
	EndGlobalSection
	GlobalSection(ProjectConfigurationPlatforms) = postSolution
		{9FBEBF4E-A6F7-4762-9B95-833925863495}.Debug|Any CPU.ActiveCfg = Debug|Any CPU
		{9FBEBF4E-A6F7-4762-9B95-833925863495}.Debug|Any CPU.Build.0 = Debug|Any CPU
		{9FBEBF4E-A6F7-4762-9B95-833925863495}.Release|Any CPU.ActiveCfg = Release|Any CPU
		{9FBEBF4E-A6F7-4762-9B95-833925863495}.Release|Any CPU.Build.0 = Release|Any CPU
	EndGlobalSection
EndGlobal
